// !$*UTF8*$!
{
	archiveVersion = 1;
	classes = {
	};
	objectVersion = 77;
	objects = {

/* Begin PBXBuildFile section */
		3C51ACB32DE436F4006D2F0B /* .gitignore in Resources */ = {isa = PBXBuildFile; fileRef = 3C51ACB22DE436F3006D2F0B /* .gitignore */; };
		3C51ACBB2DE438AA006D2F0B /* WidgetKit.framework in Frameworks */ = {isa = PBXBuildFile; fileRef = 3C51ACBA2DE438AA006D2F0B /* WidgetKit.framework */; };
		3C51ACBD2DE438AA006D2F0B /* SwiftUI.framework in Frameworks */ = {isa = PBXBuildFile; fileRef = 3C51ACBC2DE438AA006D2F0B /* SwiftUI.framework */; };
		3C51ACCC2DE438AB006D2F0B /* MemoWidgetExtension.appex in Embed Foundation Extensions */ = {isa = PBXBuildFile; fileRef = 3C51ACB82DE438AA006D2F0B /* MemoWidgetExtension.appex */; settings = {ATTRIBUTES = (RemoveHeadersOnCopy, ); }; };
/* End PBXBuildFile section */

/* Begin PBXContainerItemProxy section */
		3C51AC8E2DE4353F006D2F0B /* PBXContainerItemProxy */ = {
			isa = PBXContainerItemProxy;
			containerPortal = 3C51AC752DE4353F006D2F0B /* Project object */;
			proxyType = 1;
			remoteGlobalIDString = 3C51AC7C2DE4353F006D2F0B;
			remoteInfo = LiveMemo;
		};
		3C51AC982DE4353F006D2F0B /* PBXContainerItemProxy */ = {
			isa = PBXContainerItemProxy;
			containerPortal = 3C51AC752DE4353F006D2F0B /* Project object */;
			proxyType = 1;
			remoteGlobalIDString = 3C51AC7C2DE4353F006D2F0B;
			remoteInfo = LiveMemo;
		};
		3C51ACCA2DE438AB006D2F0B /* PBXContainerItemProxy */ = {
			isa = PBXContainerItemProxy;
			containerPortal = 3C51AC752DE4353F006D2F0B /* Project object */;
			proxyType = 1;
			remoteGlobalIDString = 3C51ACB72DE438AA006D2F0B;
			remoteInfo = MemoWidgetExtension;
		};
/* End PBXContainerItemProxy section */

/* Begin PBXCopyFilesBuildPhase section */
		3C51ACD12DE438AB006D2F0B /* Embed Foundation Extensions */ = {
			isa = PBXCopyFilesBuildPhase;
			buildActionMask = 2147483647;
			dstPath = "";
			dstSubfolderSpec = 13;
			files = (
				3C51ACCC2DE438AB006D2F0B /* MemoWidgetExtension.appex in Embed Foundation Extensions */,
			);
			name = "Embed Foundation Extensions";
			runOnlyForDeploymentPostprocessing = 0;
		};
/* End PBXCopyFilesBuildPhase section */

/* Begin PBXFileReference section */
		3C51AC7D2DE4353F006D2F0B /* LiveMemo.app */ = {isa = PBXFileReference; explicitFileType = wrapper.application; includeInIndex = 0; path = LiveMemo.app; sourceTree = BUILT_PRODUCTS_DIR; };
		3C51AC8D2DE4353F006D2F0B /* LiveMemoTests.xctest */ = {isa = PBXFileReference; explicitFileType = wrapper.cfbundle; includeInIndex = 0; path = LiveMemoTests.xctest; sourceTree = BUILT_PRODUCTS_DIR; };
		3C51AC972DE4353F006D2F0B /* LiveMemoUITests.xctest */ = {isa = PBXFileReference; explicitFileType = wrapper.cfbundle; includeInIndex = 0; path = LiveMemoUITests.xctest; sourceTree = BUILT_PRODUCTS_DIR; };
		3C51ACB22DE436F3006D2F0B /* .gitignore */ = {isa = PBXFileReference; lastKnownFileType = text; path = .gitignore; sourceTree = "<group>"; };
		3C51ACB82DE438AA006D2F0B /* MemoWidgetExtension.appex */ = {isa = PBXFileReference; explicitFileType = "wrapper.app-extension"; includeInIndex = 0; path = MemoWidgetExtension.appex; sourceTree = BUILT_PRODUCTS_DIR; };
		3C51ACBA2DE438AA006D2F0B /* WidgetKit.framework */ = {isa = PBXFileReference; lastKnownFileType = wrapper.framework; name = WidgetKit.framework; path = System/Library/Frameworks/WidgetKit.framework; sourceTree = SDKROOT; };
		3C51ACBC2DE438AA006D2F0B /* SwiftUI.framework */ = {isa = PBXFileReference; lastKnownFileType = wrapper.framework; name = SwiftUI.framework; path = System/Library/Frameworks/SwiftUI.framework; sourceTree = SDKROOT; };
/* End PBXFileReference section */

/* Begin PBXFileSystemSynchronizedBuildFileExceptionSet section */
		3C51ACCD2DE438AB006D2F0B /* Exceptions for "MemoWidget" folder in "MemoWidgetExtension" target */ = {
			isa = PBXFileSystemSynchronizedBuildFileExceptionSet;
			membershipExceptions = (
				Info.plist,
			);
			target = 3C51ACB72DE438AA006D2F0B /* MemoWidgetExtension */;
		};
		3C51AE5C2DE46F0C006D2F0B /* Exceptions for "LiveMemo" folder in "MemoWidgetExtension" target */ = {
			isa = PBXFileSystemSynchronizedBuildFileExceptionSet;
			membershipExceptions = (
				SharedAttributes.swift,
			);
			target = 3C51ACB72DE438AA006D2F0B /* MemoWidgetExtension */;
		};
/* End PBXFileSystemSynchronizedBuildFileExceptionSet section */

/* Begin PBXFileSystemSynchronizedRootGroup section */
		3C51AC7F2DE4353F006D2F0B /* LiveMemo */ = {
			isa = PBXFileSystemSynchronizedRootGroup;
			exceptions = (
				3C51AE5C2DE46F0C006D2F0B /* Exceptions for "LiveMemo" folder in "MemoWidgetExtension" target */,
			);
			path = LiveMemo;
			sourceTree = "<group>";
		};
		3C51AC902DE4353F006D2F0B /* LiveMemoTests */ = {
			isa = PBXFileSystemSynchronizedRootGroup;
			path = LiveMemoTests;
			sourceTree = "<group>";
		};
		3C51AC9A2DE4353F006D2F0B /* LiveMemoUITests */ = {
			isa = PBXFileSystemSynchronizedRootGroup;
			path = LiveMemoUITests;
			sourceTree = "<group>";
		};
		3C51ACBE2DE438AA006D2F0B /* MemoWidget */ = {
			isa = PBXFileSystemSynchronizedRootGroup;
			exceptions = (
				3C51ACCD2DE438AB006D2F0B /* Exceptions for "MemoWidget" folder in "MemoWidgetExtension" target */,
			);
			path = MemoWidget;
			sourceTree = "<group>";
		};
/* End PBXFileSystemSynchronizedRootGroup section */

/* Begin PBXFrameworksBuildPhase section */
		3C51AC7A2DE4353F006D2F0B /* Frameworks */ = {
			isa = PBXFrameworksBuildPhase;
			buildActionMask = 2147483647;
			files = (
			);
			runOnlyForDeploymentPostprocessing = 0;
		};
		3C51AC8A2DE4353F006D2F0B /* Frameworks */ = {
			isa = PBXFrameworksBuildPhase;
			buildActionMask = 2147483647;
			files = (
			);
			runOnlyForDeploymentPostprocessing = 0;
		};
		3C51AC942DE4353F006D2F0B /* Frameworks */ = {
			isa = PBXFrameworksBuildPhase;
			buildActionMask = 2147483647;
			files = (
			);
			runOnlyForDeploymentPostprocessing = 0;
		};
		3C51ACB52DE438AA006D2F0B /* Frameworks */ = {
			isa = PBXFrameworksBuildPhase;
			buildActionMask = 2147483647;
			files = (
				3C51ACBD2DE438AA006D2F0B /* SwiftUI.framework in Frameworks */,
				3C51ACBB2DE438AA006D2F0B /* WidgetKit.framework in Frameworks */,
			);
			runOnlyForDeploymentPostprocessing = 0;
		};
/* End PBXFrameworksBuildPhase section */

/* Begin PBXGroup section */
		3C51AC742DE4353F006D2F0B = {
			isa = PBXGroup;
			children = (
				3C51ACB22DE436F3006D2F0B /* .gitignore */,
				3C51AC7F2DE4353F006D2F0B /* LiveMemo */,
				3C51AC902DE4353F006D2F0B /* LiveMemoTests */,
				3C51AC9A2DE4353F006D2F0B /* LiveMemoUITests */,
				3C51ACBE2DE438AA006D2F0B /* MemoWidget */,
				3C51ACB92DE438AA006D2F0B /* Frameworks */,
				3C51AC7E2DE4353F006D2F0B /* Products */,
			);
			sourceTree = "<group>";
		};
		3C51AC7E2DE4353F006D2F0B /* Products */ = {
			isa = PBXGroup;
			children = (
				3C51AC7D2DE4353F006D2F0B /* LiveMemo.app */,
				3C51AC8D2DE4353F006D2F0B /* LiveMemoTests.xctest */,
				3C51AC972DE4353F006D2F0B /* LiveMemoUITests.xctest */,
				3C51ACB82DE438AA006D2F0B /* MemoWidgetExtension.appex */,
			);
			name = Products;
			sourceTree = "<group>";
		};
		3C51ACB92DE438AA006D2F0B /* Frameworks */ = {
			isa = PBXGroup;
			children = (
				3C51ACBA2DE438AA006D2F0B /* WidgetKit.framework */,
				3C51ACBC2DE438AA006D2F0B /* SwiftUI.framework */,
			);
			name = Frameworks;
			sourceTree = "<group>";
		};
/* End PBXGroup section */

/* Begin PBXNativeTarget section */
		3C51AC7C2DE4353F006D2F0B /* LiveMemo */ = {
			isa = PBXNativeTarget;
			buildConfigurationList = 3C51ACA12DE4353F006D2F0B /* Build configuration list for PBXNativeTarget "LiveMemo" */;
			buildPhases = (
				3C51AC792DE4353F006D2F0B /* Sources */,
				3C51AC7A2DE4353F006D2F0B /* Frameworks */,
				3C51AC7B2DE4353F006D2F0B /* Resources */,
				3C51ACD12DE438AB006D2F0B /* Embed Foundation Extensions */,
			);
			buildRules = (
			);
			dependencies = (
				3C51ACCB2DE438AB006D2F0B /* PBXTargetDependency */,
			);
			fileSystemSynchronizedGroups = (
				3C51AC7F2DE4353F006D2F0B /* LiveMemo */,
			);
			name = LiveMemo;
			packageProductDependencies = (
			);
			productName = LiveMemo;
			productReference = 3C51AC7D2DE4353F006D2F0B /* LiveMemo.app */;
			productType = "com.apple.product-type.application";
		};
		3C51AC8C2DE4353F006D2F0B /* LiveMemoTests */ = {
			isa = PBXNativeTarget;
			buildConfigurationList = 3C51ACA42DE4353F006D2F0B /* Build configuration list for PBXNativeTarget "LiveMemoTests" */;
			buildPhases = (
				3C51AC892DE4353F006D2F0B /* Sources */,
				3C51AC8A2DE4353F006D2F0B /* Frameworks */,
				3C51AC8B2DE4353F006D2F0B /* Resources */,
			);
			buildRules = (
			);
			dependencies = (
				3C51AC8F2DE4353F006D2F0B /* PBXTargetDependency */,
			);
			fileSystemSynchronizedGroups = (
				3C51AC902DE4353F006D2F0B /* LiveMemoTests */,
			);
			name = LiveMemoTests;
			packageProductDependencies = (
			);
			productName = LiveMemoTests;
			productReference = 3C51AC8D2DE4353F006D2F0B /* LiveMemoTests.xctest */;
			productType = "com.apple.product-type.bundle.unit-test";
		};
		3C51AC962DE4353F006D2F0B /* LiveMemoUITests */ = {
			isa = PBXNativeTarget;
			buildConfigurationList = 3C51ACA72DE4353F006D2F0B /* Build configuration list for PBXNativeTarget "LiveMemoUITests" */;
			buildPhases = (
				3C51AC932DE4353F006D2F0B /* Sources */,
				3C51AC942DE4353F006D2F0B /* Frameworks */,
				3C51AC952DE4353F006D2F0B /* Resources */,
			);
			buildRules = (
			);
			dependencies = (
				3C51AC992DE4353F006D2F0B /* PBXTargetDependency */,
			);
			fileSystemSynchronizedGroups = (
				3C51AC9A2DE4353F006D2F0B /* LiveMemoUITests */,
			);
			name = LiveMemoUITests;
			packageProductDependencies = (
			);
			productName = LiveMemoUITests;
			productReference = 3C51AC972DE4353F006D2F0B /* LiveMemoUITests.xctest */;
			productType = "com.apple.product-type.bundle.ui-testing";
		};
		3C51ACB72DE438AA006D2F0B /* MemoWidgetExtension */ = {
			isa = PBXNativeTarget;
			buildConfigurationList = 3C51ACCE2DE438AB006D2F0B /* Build configuration list for PBXNativeTarget "MemoWidgetExtension" */;
			buildPhases = (
				3C51ACB42DE438AA006D2F0B /* Sources */,
				3C51ACB52DE438AA006D2F0B /* Frameworks */,
				3C51ACB62DE438AA006D2F0B /* Resources */,
			);
			buildRules = (
			);
			dependencies = (
			);
			fileSystemSynchronizedGroups = (
				3C51ACBE2DE438AA006D2F0B /* MemoWidget */,
			);
			name = MemoWidgetExtension;
			packageProductDependencies = (
			);
			productName = MemoWidgetExtension;
			productReference = 3C51ACB82DE438AA006D2F0B /* MemoWidgetExtension.appex */;
			productType = "com.apple.product-type.app-extension";
		};
/* End PBXNativeTarget section */

/* Begin PBXProject section */
		3C51AC752DE4353F006D2F0B /* Project object */ = {
			isa = PBXProject;
			attributes = {
				BuildIndependentTargetsInParallel = 1;
				LastSwiftUpdateCheck = 1600;
				LastUpgradeCheck = 1600;
				TargetAttributes = {
					3C51AC7C2DE4353F006D2F0B = {
						CreatedOnToolsVersion = 16.0;
					};
					3C51AC8C2DE4353F006D2F0B = {
						CreatedOnToolsVersion = 16.0;
						TestTargetID = 3C51AC7C2DE4353F006D2F0B;
					};
					3C51AC962DE4353F006D2F0B = {
						CreatedOnToolsVersion = 16.0;
						TestTargetID = 3C51AC7C2DE4353F006D2F0B;
					};
					3C51ACB72DE438AA006D2F0B = {
						CreatedOnToolsVersion = 16.0;
					};
				};
			};
			buildConfigurationList = 3C51AC782DE4353F006D2F0B /* Build configuration list for PBXProject "LiveMemo" */;
			developmentRegion = en;
			hasScannedForEncodings = 0;
			knownRegions = (
				en,
				Base,
			);
			mainGroup = 3C51AC742DE4353F006D2F0B;
			minimizedProjectReferenceProxies = 1;
			preferredProjectObjectVersion = 77;
			productRefGroup = 3C51AC7E2DE4353F006D2F0B /* Products */;
			projectDirPath = "";
			projectRoot = "";
			targets = (
				3C51AC7C2DE4353F006D2F0B /* LiveMemo */,
				3C51AC8C2DE4353F006D2F0B /* LiveMemoTests */,
				3C51AC962DE4353F006D2F0B /* LiveMemoUITests */,
				3C51ACB72DE438AA006D2F0B /* MemoWidgetExtension */,
			);
		};
/* End PBXProject section */

/* Begin PBXResourcesBuildPhase section */
		3C51AC7B2DE4353F006D2F0B /* Resources */ = {
			isa = PBXResourcesBuildPhase;
			buildActionMask = 2147483647;
			files = (
				3C51ACB32DE436F4006D2F0B /* .gitignore in Resources */,
			);
			runOnlyForDeploymentPostprocessing = 0;
		};
		3C51AC8B2DE4353F006D2F0B /* Resources */ = {
			isa = PBXResourcesBuildPhase;
			buildActionMask = 2147483647;
			files = (
			);
			runOnlyForDeploymentPostprocessing = 0;
		};
		3C51AC952DE4353F006D2F0B /* Resources */ = {
			isa = PBXResourcesBuildPhase;
			buildActionMask = 2147483647;
			files = (
			);
			runOnlyForDeploymentPostprocessing = 0;
		};
		3C51ACB62DE438AA006D2F0B /* Resources */ = {
			isa = PBXResourcesBuildPhase;
			buildActionMask = 2147483647;
			files = (
			);
			runOnlyForDeploymentPostprocessing = 0;
		};
/* End PBXResourcesBuildPhase section */

/* Begin PBXSourcesBuildPhase section */
		3C51AC792DE4353F006D2F0B /* Sources */ = {
			isa = PBXSourcesBuildPhase;
			buildActionMask = 2147483647;
			files = (
			);
			runOnlyForDeploymentPostprocessing = 0;
		};
		3C51AC892DE4353F006D2F0B /* Sources */ = {
			isa = PBXSourcesBuildPhase;
			buildActionMask = 2147483647;
			files = (
			);
			runOnlyForDeploymentPostprocessing = 0;
		};
		3C51AC932DE4353F006D2F0B /* Sources */ = {
			isa = PBXSourcesBuildPhase;
			buildActionMask = 2147483647;
			files = (
			);
			runOnlyForDeploymentPostprocessing = 0;
		};
		3C51ACB42DE438AA006D2F0B /* Sources */ = {
			isa = PBXSourcesBuildPhase;
			buildActionMask = 2147483647;
			files = (
			);
			runOnlyForDeploymentPostprocessing = 0;
		};
/* End PBXSourcesBuildPhase section */

/* Begin PBXTargetDependency section */
		3C51AC8F2DE4353F006D2F0B /* PBXTargetDependency */ = {
			isa = PBXTargetDependency;
			target = 3C51AC7C2DE4353F006D2F0B /* LiveMemo */;
			targetProxy = 3C51AC8E2DE4353F006D2F0B /* PBXContainerItemProxy */;
		};
		3C51AC992DE4353F006D2F0B /* PBXTargetDependency */ = {
			isa = PBXTargetDependency;
			target = 3C51AC7C2DE4353F006D2F0B /* LiveMemo */;
			targetProxy = 3C51AC982DE4353F006D2F0B /* PBXContainerItemProxy */;
		};
		3C51ACCB2DE438AB006D2F0B /* PBXTargetDependency */ = {
			isa = PBXTargetDependency;
			target = 3C51ACB72DE438AA006D2F0B /* MemoWidgetExtension */;
			targetProxy = 3C51ACCA2DE438AB006D2F0B /* PBXContainerItemProxy */;
		};
/* End PBXTargetDependency section */

/* Begin XCBuildConfiguration section */
		3C51AC9F2DE4353F006D2F0B /* Debug */ = {
			isa = XCBuildConfiguration;
			buildSettings = {
				ALWAYS_SEARCH_USER_PATHS = NO;
				ASSETCATALOG_COMPILER_GENERATE_SWIFT_ASSET_SYMBOL_EXTENSIONS = YES;
				CLANG_ANALYZER_NONNULL = YES;
				CLANG_ANALYZER_NUMBER_OBJECT_CONVERSION = YES_AGGRESSIVE;
				CLANG_CXX_LANGUAGE_STANDARD = "gnu++20";
				CLANG_ENABLE_MODULES = YES;
				CLANG_ENABLE_OBJC_ARC = YES;
				CLANG_ENABLE_OBJC_WEAK = YES;
				CLANG_WARN_BLOCK_CAPTURE_AUTORELEASING = YES;
				CLANG_WARN_BOOL_CONVERSION = YES;
				CLANG_WARN_COMMA = YES;
				CLANG_WARN_CONSTANT_CONVERSION = YES;
				CLANG_WARN_DEPRECATED_OBJC_IMPLEMENTATIONS = YES;
				CLANG_WARN_DIRECT_OBJC_ISA_USAGE = YES_ERROR;
				CLANG_WARN_DOCUMENTATION_COMMENTS = YES;
				CLANG_WARN_EMPTY_BODY = YES;
				CLANG_WARN_ENUM_CONVERSION = YES;
				CLANG_WARN_INFINITE_RECURSION = YES;
				CLANG_WARN_INT_CONVERSION = YES;
				CLANG_WARN_NON_LITERAL_NULL_CONVERSION = YES;
				CLANG_WARN_OBJC_IMPLICIT_RETAIN_SELF = YES;
				CLANG_WARN_OBJC_LITERAL_CONVERSION = YES;
				CLANG_WARN_OBJC_ROOT_CLASS = YES_ERROR;
				CLANG_WARN_QUOTED_INCLUDE_IN_FRAMEWORK_HEADER = YES;
				CLANG_WARN_RANGE_LOOP_ANALYSIS = YES;
				CLANG_WARN_STRICT_PROTOTYPES = YES;
				CLANG_WARN_SUSPICIOUS_MOVE = YES;
				CLANG_WARN_UNGUARDED_AVAILABILITY = YES_AGGRESSIVE;
				CLANG_WARN_UNREACHABLE_CODE = YES;
				CLANG_WARN__DUPLICATE_METHOD_MATCH = YES;
				COPY_PHASE_STRIP = NO;
				DEBUG_INFORMATION_FORMAT = dwarf;
				ENABLE_STRICT_OBJC_MSGSEND = YES;
				ENABLE_TESTABILITY = YES;
				ENABLE_USER_SCRIPT_SANDBOXING = YES;
				GCC_C_LANGUAGE_STANDARD = gnu17;
				GCC_DYNAMIC_NO_PIC = NO;
				GCC_NO_COMMON_BLOCKS = YES;
				GCC_OPTIMIZATION_LEVEL = 0;
				GCC_PREPROCESSOR_DEFINITIONS = (
					"DEBUG=1",
					"$(inherited)",
				);
				GCC_WARN_64_TO_32_BIT_CONVERSION = YES;
				GCC_WARN_ABOUT_RETURN_TYPE = YES_ERROR;
				GCC_WARN_UNDECLARED_SELECTOR = YES;
				GCC_WARN_UNINITIALIZED_AUTOS = YES_AGGRESSIVE;
				GCC_WARN_UNUSED_FUNCTION = YES;
				GCC_WARN_UNUSED_VARIABLE = YES;
				IPHONEOS_DEPLOYMENT_TARGET = 18.0;
				LOCALIZATION_PREFERS_STRING_CATALOGS = YES;
				MTL_ENABLE_DEBUG_INFO = INCLUDE_SOURCE;
				MTL_FAST_MATH = YES;
				ONLY_ACTIVE_ARCH = YES;
				SDKROOT = iphoneos;
				SWIFT_ACTIVE_COMPILATION_CONDITIONS = "DEBUG $(inherited)";
				SWIFT_OPTIMIZATION_LEVEL = "-Onone";
			};
			name = Debug;
		};
		3C51ACA02DE4353F006D2F0B /* Release */ = {
			isa = XCBuildConfiguration;
			buildSettings = {
				ALWAYS_SEARCH_USER_PATHS = NO;
				ASSETCATALOG_COMPILER_GENERATE_SWIFT_ASSET_SYMBOL_EXTENSIONS = YES;
				CLANG_ANALYZER_NONNULL = YES;
				CLANG_ANALYZER_NUMBER_OBJECT_CONVERSION = YES_AGGRESSIVE;
				CLANG_CXX_LANGUAGE_STANDARD = "gnu++20";
				CLANG_ENABLE_MODULES = YES;
				CLANG_ENABLE_OBJC_ARC = YES;
				CLANG_ENABLE_OBJC_WEAK = YES;
				CLANG_WARN_BLOCK_CAPTURE_AUTORELEASING = YES;
				CLANG_WARN_BOOL_CONVERSION = YES;
				CLANG_WARN_COMMA = YES;
				CLANG_WARN_CONSTANT_CONVERSION = YES;
				CLANG_WARN_DEPRECATED_OBJC_IMPLEMENTATIONS = YES;
				CLANG_WARN_DIRECT_OBJC_ISA_USAGE = YES_ERROR;
				CLANG_WARN_DOCUMENTATION_COMMENTS = YES;
				CLANG_WARN_EMPTY_BODY = YES;
				CLANG_WARN_ENUM_CONVERSION = YES;
				CLANG_WARN_INFINITE_RECURSION = YES;
				CLANG_WARN_INT_CONVERSION = YES;
				CLANG_WARN_NON_LITERAL_NULL_CONVERSION = YES;
				CLANG_WARN_OBJC_IMPLICIT_RETAIN_SELF = YES;
				CLANG_WARN_OBJC_LITERAL_CONVERSION = YES;
				CLANG_WARN_OBJC_ROOT_CLASS = YES_ERROR;
				CLANG_WARN_QUOTED_INCLUDE_IN_FRAMEWORK_HEADER = YES;
				CLANG_WARN_RANGE_LOOP_ANALYSIS = YES;
				CLANG_WARN_STRICT_PROTOTYPES = YES;
				CLANG_WARN_SUSPICIOUS_MOVE = YES;
				CLANG_WARN_UNGUARDED_AVAILABILITY = YES_AGGRESSIVE;
				CLANG_WARN_UNREACHABLE_CODE = YES;
				CLANG_WARN__DUPLICATE_METHOD_MATCH = YES;
				COPY_PHASE_STRIP = NO;
				DEBUG_INFORMATION_FORMAT = "dwarf-with-dsym";
				ENABLE_NS_ASSERTIONS = NO;
				ENABLE_STRICT_OBJC_MSGSEND = YES;
				ENABLE_USER_SCRIPT_SANDBOXING = YES;
				GCC_C_LANGUAGE_STANDARD = gnu17;
				GCC_NO_COMMON_BLOCKS = YES;
				GCC_WARN_64_TO_32_BIT_CONVERSION = YES;
				GCC_WARN_ABOUT_RETURN_TYPE = YES_ERROR;
				GCC_WARN_UNDECLARED_SELECTOR = YES;
				GCC_WARN_UNINITIALIZED_AUTOS = YES_AGGRESSIVE;
				GCC_WARN_UNUSED_FUNCTION = YES;
				GCC_WARN_UNUSED_VARIABLE = YES;
				IPHONEOS_DEPLOYMENT_TARGET = 18.0;
				LOCALIZATION_PREFERS_STRING_CATALOGS = YES;
				MTL_ENABLE_DEBUG_INFO = NO;
				MTL_FAST_MATH = YES;
				SDKROOT = iphoneos;
				SWIFT_COMPILATION_MODE = wholemodule;
				VALIDATE_PRODUCT = YES;
			};
			name = Release;
		};
		3C51ACA22DE4353F006D2F0B /* Debug */ = {
			isa = XCBuildConfiguration;
			buildSettings = {
				ASSETCATALOG_COMPILER_APPICON_NAME = AppIcon;
				ASSETCATALOG_COMPILER_GLOBAL_ACCENT_COLOR_NAME = AccentColor;
				CODE_SIGN_STYLE = Automatic;
				CURRENT_PROJECT_VERSION = 1;
				DEVELOPMENT_ASSET_PATHS = "\"LiveMemo/Preview Content\"";
				DEVELOPMENT_TEAM = YT4JU6MY89;
				ENABLE_PREVIEWS = YES;
				GENERATE_INFOPLIST_FILE = YES;
				INFOPLIST_KEY_NSSupportsLiveActivities = YES;
				INFOPLIST_KEY_UIApplicationSceneManifest_Generation = YES;
				INFOPLIST_KEY_UIApplicationSupportsIndirectInputEvents = YES;
				INFOPLIST_KEY_UILaunchScreen_Generation = YES;
				INFOPLIST_KEY_UISupportedInterfaceOrientations_iPad = "UIInterfaceOrientationPortrait UIInterfaceOrientationPortraitUpsideDown UIInterfaceOrientationLandscapeLeft UIInterfaceOrientationLandscapeRight";
				INFOPLIST_KEY_UISupportedInterfaceOrientations_iPhone = "UIInterfaceOrientationPortrait UIInterfaceOrientationLandscapeLeft UIInterfaceOrientationLandscapeRight";
				LD_RUNPATH_SEARCH_PATHS = (
					"$(inherited)",
					"@executable_path/Frameworks",
				);
				MARKETING_VERSION = 1.0;
				PRODUCT_BUNDLE_IDENTIFIER = "me.shvain.live-memo.LiveMemo";
				PRODUCT_NAME = "$(TARGET_NAME)";
				SWIFT_EMIT_LOC_STRINGS = YES;
				SWIFT_VERSION = 5.0;
				TARGETED_DEVICE_FAMILY = "1,2";
			};
			name = Debug;
		};
		3C51ACA32DE4353F006D2F0B /* Release */ = {
			isa = XCBuildConfiguration;
			buildSettings = {
				ASSETCATALOG_COMPILER_APPICON_NAME = AppIcon;
				ASSETCATALOG_COMPILER_GLOBAL_ACCENT_COLOR_NAME = AccentColor;
				CODE_SIGN_STYLE = Automatic;
				CURRENT_PROJECT_VERSION = 1;
				DEVELOPMENT_ASSET_PATHS = "\"LiveMemo/Preview Content\"";
				DEVELOPMENT_TEAM = YT4JU6MY89;
				ENABLE_PREVIEWS = YES;
				GENERATE_INFOPLIST_FILE = YES;
				INFOPLIST_KEY_NSSupportsLiveActivities = YES;
				INFOPLIST_KEY_UIApplicationSceneManifest_Generation = YES;
				INFOPLIST_KEY_UIApplicationSupportsIndirectInputEvents = YES;
				INFOPLIST_KEY_UILaunchScreen_Generation = YES;
				INFOPLIST_KEY_UISupportedInterfaceOrientations_iPad = "UIInterfaceOrientationPortrait UIInterfaceOrientationPortraitUpsideDown UIInterfaceOrientationLandscapeLeft UIInterfaceOrientationLandscapeRight";
				INFOPLIST_KEY_UISupportedInterfaceOrientations_iPhone = "UIInterfaceOrientationPortrait UIInterfaceOrientationLandscapeLeft UIInterfaceOrientationLandscapeRight";
				LD_RUNPATH_SEARCH_PATHS = (
					"$(inherited)",
					"@executable_path/Frameworks",
				);
				MARKETING_VERSION = 1.0;
				PRODUCT_BUNDLE_IDENTIFIER = "me.shvain.live-memo.LiveMemo";
				PRODUCT_NAME = "$(TARGET_NAME)";
				SWIFT_EMIT_LOC_STRINGS = YES;
				SWIFT_VERSION = 5.0;
				TARGETED_DEVICE_FAMILY = "1,2";
			};
			name = Release;
		};
		3C51ACA52DE4353F006D2F0B /* Debug */ = {
			isa = XCBuildConfiguration;
			buildSettings = {
				BUNDLE_LOADER = "$(TEST_HOST)";
				CODE_SIGN_STYLE = Automatic;
				CURRENT_PROJECT_VERSION = 1;
				DEVELOPMENT_TEAM = YT4JU6MY89;
				GENERATE_INFOPLIST_FILE = YES;
				IPHONEOS_DEPLOYMENT_TARGET = 18.0;
				MARKETING_VERSION = 1.0;
				PRODUCT_BUNDLE_IDENTIFIER = "me.shvain.live-memo.LiveMemoTests";
				PRODUCT_NAME = "$(TARGET_NAME)";
				SWIFT_EMIT_LOC_STRINGS = NO;
				SWIFT_VERSION = 5.0;
				TARGETED_DEVICE_FAMILY = "1,2";
				TEST_HOST = "$(BUILT_PRODUCTS_DIR)/LiveMemo.app/$(BUNDLE_EXECUTABLE_FOLDER_PATH)/LiveMemo";
			};
			name = Debug;
		};
		3C51ACA62DE4353F006D2F0B /* Release */ = {
			isa = XCBuildConfiguration;
			buildSettings = {
				BUNDLE_LOADER = "$(TEST_HOST)";
				CODE_SIGN_STYLE = Automatic;
				CURRENT_PROJECT_VERSION = 1;
				DEVELOPMENT_TEAM = YT4JU6MY89;
				GENERATE_INFOPLIST_FILE = YES;
				IPHONEOS_DEPLOYMENT_TARGET = 18.0;
				MARKETING_VERSION = 1.0;
				PRODUCT_BUNDLE_IDENTIFIER = "me.shvain.live-memo.LiveMemoTests";
				PRODUCT_NAME = "$(TARGET_NAME)";
				SWIFT_EMIT_LOC_STRINGS = NO;
				SWIFT_VERSION = 5.0;
				TARGETED_DEVICE_FAMILY = "1,2";
				TEST_HOST = "$(BUILT_PRODUCTS_DIR)/LiveMemo.app/$(BUNDLE_EXECUTABLE_FOLDER_PATH)/LiveMemo";
			};
			name = Release;
		};
		3C51ACA82DE4353F006D2F0B /* Debug */ = {
			isa = XCBuildConfiguration;
			buildSettings = {
				CODE_SIGN_STYLE = Automatic;
				CURRENT_PROJECT_VERSION = 1;
				DEVELOPMENT_TEAM = YT4JU6MY89;
				GENERATE_INFOPLIST_FILE = YES;
				MARKETING_VERSION = 1.0;
				PRODUCT_BUNDLE_IDENTIFIER = "me.shvain.live-memo.LiveMemoUITests";
				PRODUCT_NAME = "$(TARGET_NAME)";
				SWIFT_EMIT_LOC_STRINGS = NO;
				SWIFT_VERSION = 5.0;
				TARGETED_DEVICE_FAMILY = "1,2";
				TEST_TARGET_NAME = LiveMemo;
			};
			name = Debug;
		};
		3C51ACA92DE4353F006D2F0B /* Release */ = {
			isa = XCBuildConfiguration;
			buildSettings = {
				CODE_SIGN_STYLE = Automatic;
				CURRENT_PROJECT_VERSION = 1;
				DEVELOPMENT_TEAM = YT4JU6MY89;
				GENERATE_INFOPLIST_FILE = YES;
				MARKETING_VERSION = 1.0;
				PRODUCT_BUNDLE_IDENTIFIER = "me.shvain.live-memo.LiveMemoUITests";
				PRODUCT_NAME = "$(TARGET_NAME)";
				SWIFT_EMIT_LOC_STRINGS = NO;
				SWIFT_VERSION = 5.0;
				TARGETED_DEVICE_FAMILY = "1,2";
				TEST_TARGET_NAME = LiveMemo;
			};
			name = Release;
		};
		3C51ACCF2DE438AB006D2F0B /* Debug */ = {
			isa = XCBuildConfiguration;
			buildSettings = {
				ASSETCATALOG_COMPILER_GLOBAL_ACCENT_COLOR_NAME = AccentColor;
				ASSETCATALOG_COMPILER_WIDGET_BACKGROUND_COLOR_NAME = WidgetBackground;
				CODE_SIGN_STYLE = Automatic;
				CURRENT_PROJECT_VERSION = 1;
				DEVELOPMENT_TEAM = YT4JU6MY89;
				GENERATE_INFOPLIST_FILE = YES;
				INFOPLIST_FILE = MemoWidget/Info.plist;
				INFOPLIST_KEY_CFBundleDisplayName = MemoWidget;
				INFOPLIST_KEY_NSHumanReadableCopyright = "";
				LD_RUNPATH_SEARCH_PATHS = (
					"$(inherited)",
					"@executable_path/Frameworks",
					"@executable_path/../../Frameworks",
				);
				MARKETING_VERSION = 1.0;
				PRODUCT_BUNDLE_IDENTIFIER = "me.shvain.live-memo.LiveMemo.MemoWidget";
				PRODUCT_NAME = "$(TARGET_NAME)";
				SKIP_INSTALL = YES;
				SWIFT_EMIT_LOC_STRINGS = YES;
				SWIFT_VERSION = 5.0;
				TARGETED_DEVICE_FAMILY = "1,2";
			};
			name = Debug;
		};
		3C51ACD02DE438AB006D2F0B /* Release */ = {
			isa = XCBuildConfiguration;
			buildSettings = {
				ASSETCATALOG_COMPILER_GLOBAL_ACCENT_COLOR_NAME = AccentColor;
				ASSETCATALOG_COMPILER_WIDGET_BACKGROUND_COLOR_NAME = WidgetBackground;
				CODE_SIGN_STYLE = Automatic;
				CURRENT_PROJECT_VERSION = 1;
				DEVELOPMENT_TEAM = YT4JU6MY89;
				GENERATE_INFOPLIST_FILE = YES;
				INFOPLIST_FILE = MemoWidget/Info.plist;
				INFOPLIST_KEY_CFBundleDisplayName = MemoWidget;
				INFOPLIST_KEY_NSHumanReadableCopyright = "";
				LD_RUNPATH_SEARCH_PATHS = (
					"$(inherited)",
					"@executable_path/Frameworks",
					"@executable_path/../../Frameworks",
				);
				MARKETING_VERSION = 1.0;
				PRODUCT_BUNDLE_IDENTIFIER = "me.shvain.live-memo.LiveMemo.MemoWidget";
				PRODUCT_NAME = "$(TARGET_NAME)";
				SKIP_INSTALL = YES;
				SWIFT_EMIT_LOC_STRINGS = YES;
				SWIFT_VERSION = 5.0;
				TARGETED_DEVICE_FAMILY = "1,2";
			};
			name = Release;
		};
/* End XCBuildConfiguration section */

/* Begin XCConfigurationList section */
		3C51AC782DE4353F006D2F0B /* Build configuration list for PBXProject "LiveMemo" */ = {
			isa = XCConfigurationList;
			buildConfigurations = (
				3C51AC9F2DE4353F006D2F0B /* Debug */,
				3C51ACA02DE4353F006D2F0B /* Release */,
			);
			defaultConfigurationIsVisible = 0;
			defaultConfigurationName = Release;
		};
		3C51ACA12DE4353F006D2F0B /* Build configuration list for PBXNativeTarget "LiveMemo" */ = {
			isa = XCConfigurationList;
			buildConfigurations = (
				3C51ACA22DE4353F006D2F0B /* Debug */,
				3C51ACA32DE4353F006D2F0B /* Release */,
			);
			defaultConfigurationIsVisible = 0;
			defaultConfigurationName = Release;
		};
		3C51ACA42DE4353F006D2F0B /* Build configuration list for PBXNativeTarget "LiveMemoTests" */ = {
			isa = XCConfigurationList;
			buildConfigurations = (
				3C51ACA52DE4353F006D2F0B /* Debug */,
				3C51ACA62DE4353F006D2F0B /* Release */,
			);
			defaultConfigurationIsVisible = 0;
			defaultConfigurationName = Release;
		};
		3C51ACA72DE4353F006D2F0B /* Build configuration list for PBXNativeTarget "LiveMemoUITests" */ = {
			isa = XCConfigurationList;
			buildConfigurations = (
				3C51ACA82DE4353F006D2F0B /* Debug */,
				3C51ACA92DE4353F006D2F0B /* Release */,
			);
			defaultConfigurationIsVisible = 0;
			defaultConfigurationName = Release;
		};
		3C51ACCE2DE438AB006D2F0B /* Build configuration list for PBXNativeTarget "MemoWidgetExtension" */ = {
			isa = XCConfigurationList;
			buildConfigurations = (
				3C51ACCF2DE438AB006D2F0B /* Debug */,
				3C51ACD02DE438AB006D2F0B /* Release */,
			);
			defaultConfigurationIsVisible = 0;
			defaultConfigurationName = Release;
		};
/* End XCConfigurationList section */
	};
	rootObject = 3C51AC752DE4353F006D2F0B /* Project object */;
}
